
Microsoft Visual Studio Solution File, Format Version 12.00
# Visual Studio Version 17
VisualStudioVersion = 17.1.32319.34
MinimumVisualStudioVersion = 10.0.40219.1
Project("{9A19103F-16F7-4668-BE54-9A1E7A4F7556}") = "TZ.DistributedIdGenerator", "TZ.DistributedIdGenerator\TZ.DistributedIdGenerator.csproj", "{665C2F35-C0B5-4D62-84F1-A89ACD890725}"
EndProject
Project("{9A19103F-16F7-4668-BE54-9A1E7A4F7556}") = "Demo", "Demo\Demo.csproj", "{C19C4D16-1F33-4C38-BEC6-294405C8C1DE}"
EndProject
Project("{9A19103F-16F7-4668-BE54-9A1E7A4F7556}") = "TZ.SnowflakeIdGenerator", "TZ.SnowflakeIdGenerator\TZ.SnowflakeIdGenerator.csproj", "{6DE241E2-9417-413F-AC72-AC0D716FA314}"
EndProject
Project("{9A19103F-16F7-4668-BE54-9A1E7A4F7556}") = "TZ.RedisIdGenerator", "TZ.RedisIdGenerator\TZ.RedisIdGenerator.csproj", "{DA1409CC-D25D-41CF-8EF7-B13110BFDF90}"
EndProject
Project("{2150E333-8FDC-42A3-9474-1A3956D46DE8}") = "0.Solution Items", "0.Solution Items", "{2CD671D0-0124-47C4-8626-EB7A19382797}"
	ProjectSection(SolutionItems) = preProject
		readme.md = readme.md
	EndProjectSection
EndProject
Global
	GlobalSection(SolutionConfigurationPlatforms) = preSolution
		Debug|Any CPU = Debug|Any CPU
		Release|Any CPU = Release|Any CPU
	EndGlobalSection
	GlobalSection(ProjectConfigurationPlatforms) = postSolution
		{665C2F35-C0B5-4D62-84F1-A89ACD890725}.Debug|Any CPU.ActiveCfg = Debug|Any CPU
		{665C2F35-C0B5-4D62-84F1-A89ACD890725}.Debug|Any CPU.Build.0 = Debug|Any CPU
		{665C2F35-C0B5-4D62-84F1-A89ACD890725}.Release|Any CPU.ActiveCfg = Release|Any CPU
		{665C2F35-C0B5-4D62-84F1-A89ACD890725}.Release|Any CPU.Build.0 = Release|Any CPU
		{C19C4D16-1F33-4C38-BEC6-294405C8C1DE}.Debug|Any CPU.ActiveCfg = Debug|Any CPU
		{C19C4D16-1F33-4C38-BEC6-294405C8C1DE}.Debug|Any CPU.Build.0 = Debug|Any CPU
		{C19C4D16-1F33-4C38-BEC6-294405C8C1DE}.Release|Any CPU.ActiveCfg = Release|Any CPU
		{C19C4D16-1F33-4C38-BEC6-294405C8C1DE}.Release|Any CPU.Build.0 = Release|Any CPU
		{6DE241E2-9417-413F-AC72-AC0D716FA314}.Debug|Any CPU.ActiveCfg = Debug|Any CPU
		{6DE241E2-9417-413F-AC72-AC0D716FA314}.Debug|Any CPU.Build.0 = Debug|Any CPU
		{6DE241E2-9417-413F-AC72-AC0D716FA314}.Release|Any CPU.ActiveCfg = Release|Any CPU
		{6DE241E2-9417-413F-AC72-AC0D716FA314}.Release|Any CPU.Build.0 = Release|Any CPU
		{DA1409CC-D25D-41CF-8EF7-B13110BFDF90}.Debug|Any CPU.ActiveCfg = Debug|Any CPU
		{DA1409CC-D25D-41CF-8EF7-B13110BFDF90}.Debug|Any CPU.Build.0 = Debug|Any CPU
		{DA1409CC-D25D-41CF-8EF7-B13110BFDF90}.Release|Any CPU.ActiveCfg = Release|Any CPU
		{DA1409CC-D25D-41CF-8EF7-B13110BFDF90}.Release|Any CPU.Build.0 = Release|Any CPU
	EndGlobalSection
	GlobalSection(SolutionProperties) = preSolution
		HideSolutionNode = FALSE
	EndGlobalSection
	GlobalSection(ExtensibilityGlobals) = postSolution
		SolutionGuid = {75765F61-62F5-431E-A74B-C9B27BACE350}
	EndGlobalSection
EndGlobal
